
Microsoft Visual Studio Solution File, Format Version 12.00
# Visual Studio Version 17
VisualStudioVersion = 17.1.32421.90
MinimumVisualStudioVersion = 10.0.40219.1
Project("{FAE04EC0-301F-11D3-BF4B-00C04F79EFBC}") = "project1", "project1\project1.csproj", "{C2ABA273-B77C-464A-887F-E6A86295BC86}"
EndProject
Global
	GlobalSection(SolutionConfigurationPlatforms) = preSolution
		Debug|Any CPU = Debug|Any CPU
		Release|Any CPU = Release|Any CPU
	EndGlobalSection
	GlobalSection(ProjectConfigurationPlatforms) = postSolution
		{C2ABA273-B77C-464A-887F-E6A86295BC86}.Debug|Any CPU.ActiveCfg = Debug|Any CPU
		{C2ABA273-B77C-464A-887F-E6A86295BC86}.Debug|Any CPU.Build.0 = Debug|Any CPU
		{C2ABA273-B77C-464A-887F-E6A86295BC86}.Release|Any CPU.ActiveCfg = Release|Any CPU
		{C2ABA273-B77C-464A-887F-E6A86295BC86}.Release|Any CPU.Build.0 = Release|Any CPU
	EndGlobalSection
	GlobalSection(SolutionProperties) = preSolution
		HideSolutionNode = FALSE
	EndGlobalSection
	GlobalSection(ExtensibilityGlobals) = postSolution
		SolutionGuid = {605103A8-2B4E-469A-8EF1-10B33B104A30}
	EndGlobalSection
EndGlobal
